
Microsoft Visual Studio Solution File, Format Version 12.00
# Visual Studio Version 17
VisualStudioVersion = 17.13.35931.197 d17.13
MinimumVisualStudioVersion = 10.0.40219.1
Project("{FAE04EC0-301F-11D3-BF4B-00C04F79EFBC}") = "SistemaParcial2OctavioGonzalez", "SistemaParcial2OctavioGonzalez.csproj", "{8109A489-D16D-4FE6-AB40-7E9E65B9CF88}"
EndProject
Global
	GlobalSection(SolutionConfigurationPlatforms) = preSolution
		Debug|Any CPU = Debug|Any CPU
		Release|Any CPU = Release|Any CPU
	EndGlobalSection
	GlobalSection(ProjectConfigurationPlatforms) = postSolution
		{8109A489-D16D-4FE6-AB40-7E9E65B9CF88}.Debug|Any CPU.ActiveCfg = Debug|Any CPU
		{8109A489-D16D-4FE6-AB40-7E9E65B9CF88}.Debug|Any CPU.Build.0 = Debug|Any CPU
		{8109A489-D16D-4FE6-AB40-7E9E65B9CF88}.Release|Any CPU.ActiveCfg = Release|Any CPU
		{8109A489-D16D-4FE6-AB40-7E9E65B9CF88}.Release|Any CPU.Build.0 = Release|Any CPU
	EndGlobalSection
	GlobalSection(SolutionProperties) = preSolution
		HideSolutionNode = FALSE
	EndGlobalSection
	GlobalSection(ExtensibilityGlobals) = postSolution
		SolutionGuid = {F575C648-BEDC-4FF9-A389-4AEED49CD1A6}
	EndGlobalSection
EndGlobal
